// !$*UTF8*$!
{
	archiveVersion = 1;
	classes = {
	};
	objectVersion = 50;
	objects = {

/* Begin PBXBuildFile section */
		AC9B950C24DDAF080035A5EB /* AppDelegate.swift in Sources */ = {isa = PBXBuildFile; fileRef = AC9B950B24DDAF080035A5EB /* AppDelegate.swift */; };
		AC9B950E24DDAF080035A5EB /* SceneDelegate.swift in Sources */ = {isa = PBXBuildFile; fileRef = AC9B950D24DDAF080035A5EB /* SceneDelegate.swift */; };
		AC9B951024DDAF080035A5EB /* ContentView.swift in Sources */ = {isa = PBXBuildFile; fileRef = AC9B950F24DDAF080035A5EB /* ContentView.swift */; };
		AC9B951224DDAF090035A5EB /* Assets.xcassets in Resources */ = {isa = PBXBuildFile; fileRef = AC9B951124DDAF090035A5EB /* Assets.xcassets */; };
		AC9B951524DDAF090035A5EB /* Preview Assets.xcassets in Resources */ = {isa = PBXBuildFile; fileRef = AC9B951424DDAF090035A5EB /* Preview Assets.xcassets */; };
		AC9B951824DDAF090035A5EB /* LaunchScreen.storyboard in Resources */ = {isa = PBXBuildFile; fileRef = AC9B951624DDAF090035A5EB /* LaunchScreen.storyboard */; };
/* End PBXBuildFile section */

/* Begin PBXFileReference section */
		AC9B950824DDAF080035A5EB /* UserDefaults1.app */ = {isa = PBXFileReference; explicitFileType = wrapper.application; includeInIndex = 0; path = UserDefaults1.app; sourceTree = BUILT_PRODUCTS_DIR; };
		AC9B950B24DDAF080035A5EB /* AppDelegate.swift */ = {isa = PBXFileReference; lastKnownFileType = sourcecode.swift; path = AppDelegate.swift; sourceTree = "<group>"; };
		AC9B950D24DDAF080035A5EB /* SceneDelegate.swift */ = {isa = PBXFileReference; lastKnownFileType = sourcecode.swift; path = SceneDelegate.swift; sourceTree = "<group>"; };
		AC9B950F24DDAF080035A5EB /* ContentView.swift */ = {isa = PBXFileReference; lastKnownFileType = sourcecode.swift; path = ContentView.swift; sourceTree = "<group>"; };
		AC9B951124DDAF090035A5EB /* Assets.xcassets */ = {isa = PBXFileReference; lastKnownFileType = folder.assetcatalog; path = Assets.xcassets; sourceTree = "<group>"; };
		AC9B951424DDAF090035A5EB /* Preview Assets.xcassets */ = {isa = PBXFileReference; lastKnownFileType = folder.assetcatalog; path = "Preview Assets.xcassets"; sourceTree = "<group>"; };
		AC9B951724DDAF090035A5EB /* Base */ = {isa = PBXFileReference; lastKnownFileType = file.storyboard; name = Base; path = Base.lproj/LaunchScreen.storyboard; sourceTree = "<group>"; };
		AC9B951924DDAF090035A5EB /* Info.plist */ = {isa = PBXFileReference; lastKnownFileType = text.plist.xml; path = Info.plist; sourceTree = "<group>"; };
/* End PBXFileReference section */

/* Begin PBXFrameworksBuildPhase section */
		AC9B950524DDAF080035A5EB /* Frameworks */ = {
			isa = PBXFrameworksBuildPhase;
			buildActionMask = 2147483647;
			files = (
			);
			runOnlyForDeploymentPostprocessing = 0;
		};
/* End PBXFrameworksBuildPhase section */

/* Begin PBXGroup section */
		AC9B94FF24DDAF080035A5EB = {
			isa = PBXGroup;
			children = (
				AC9B950A24DDAF080035A5EB /* UserDefaults1 */,
				AC9B950924DDAF080035A5EB /* Products */,
			);
			sourceTree = "<group>";
		};
		AC9B950924DDAF080035A5EB /* Products */ = {
			isa = PBXGroup;
			children = (
				AC9B950824DDAF080035A5EB /* UserDefaults1.app */,
			);
			name = Products;
			sourceTree = "<group>";
		};
		AC9B950A24DDAF080035A5EB /* UserDefaults1 */ = {
			isa = PBXGroup;
			children = (
				AC9B950B24DDAF080035A5EB /* AppDelegate.swift */,
				AC9B950D24DDAF080035A5EB /* SceneDelegate.swift */,
				AC9B950F24DDAF080035A5EB /* ContentView.swift */,
				AC9B951124DDAF090035A5EB /* Assets.xcassets */,
				AC9B951624DDAF090035A5EB /* LaunchScreen.storyboard */,
				AC9B951924DDAF090035A5EB /* Info.plist */,
				AC9B951324DDAF090035A5EB /* Preview Content */,
			);
			path = UserDefaults1;
			sourceTree = "<group>";
		};
		AC9B951324DDAF090035A5EB /* Preview Content */ = {
			isa = PBXGroup;
			children = (
				AC9B951424DDAF090035A5EB /* Preview Assets.xcassets */,
			);
			path = "Preview Content";
			sourceTree = "<group>";
		};
/* End PBXGroup section */

/* Begin PBXNativeTarget section */
		AC9B950724DDAF080035A5EB /* UserDefaults1 */ = {
			isa = PBXNativeTarget;
			buildConfigurationList = AC9B951C24DDAF090035A5EB /* Build configuration list for PBXNativeTarget "UserDefaults1" */;
			buildPhases = (
				AC9B950424DDAF080035A5EB /* Sources */,
				AC9B950524DDAF080035A5EB /* Frameworks */,
				AC9B950624DDAF080035A5EB /* Resources */,
			);
			buildRules = (
			);
			dependencies = (
			);
			name = UserDefaults1;
			productName = UserDefaults1;
			productReference = AC9B950824DDAF080035A5EB /* UserDefaults1.app */;
			productType = "com.apple.product-type.application";
		};
/* End PBXNativeTarget section */

/* Begin PBXProject section */
		AC9B950024DDAF080035A5EB /* Project object */ = {
			isa = PBXProject;
			attributes = {
				LastSwiftUpdateCheck = 1200;
				LastUpgradeCheck = 1200;
				TargetAttributes = {
					AC9B950724DDAF080035A5EB = {
						CreatedOnToolsVersion = 12.0;
					};
				};
			};
			buildConfigurationList = AC9B950324DDAF080035A5EB /* Build configuration list for PBXProject "UserDefaults1" */;
			compatibilityVersion = "Xcode 9.3";
			developmentRegion = en;
			hasScannedForEncodings = 0;
			knownRegions = (
				en,
				Base,
			);
			mainGroup = AC9B94FF24DDAF080035A5EB;
			productRefGroup = AC9B950924DDAF080035A5EB /* Products */;
			projectDirPath = "";
			projectRoot = "";
			targets = (
				AC9B950724DDAF080035A5EB /* UserDefaults1 */,
			);
		};
/* End PBXProject section */

/* Begin PBXResourcesBuildPhase section */
		AC9B950624DDAF080035A5EB /* Resources */ = {
			isa = PBXResourcesBuildPhase;
			buildActionMask = 2147483647;
			files = (
				AC9B951824DDAF090035A5EB /* LaunchScreen.storyboard in Resources */,
				AC9B951524DDAF090035A5EB /* Preview Assets.xcassets in Resources */,
				AC9B951224DDAF090035A5EB /* Assets.xcassets in Resources */,
			);
			runOnlyForDeploymentPostprocessing = 0;
		};
/* End PBXResourcesBuildPhase section */

/* Begin PBXSourcesBuildPhase section */
		AC9B950424DDAF080035A5EB /* Sources */ = {
			isa = PBXSourcesBuildPhase;
			buildActionMask = 2147483647;
			files = (
				AC9B950C24DDAF080035A5EB /* AppDelegate.swift in Sources */,
				AC9B950E24DDAF080035A5EB /* SceneDelegate.swift in Sources */,
				AC9B951024DDAF080035A5EB /* ContentView.swift in Sources */,
			);
			runOnlyForDeploymentPostprocessing = 0;
		};
/* End PBXSourcesBuildPhase section */

/* Begin PBXVariantGroup section */
		AC9B951624DDAF090035A5EB /* LaunchScreen.storyboard */ = {
			isa = PBXVariantGroup;
			children = (
				AC9B951724DDAF090035A5EB /* Base */,
			);
			name = LaunchScreen.storyboard;
			sourceTree = "<group>";
		};
/* End PBXVariantGroup section */

/* Begin XCBuildConfiguration section */
		AC9B951A24DDAF090035A5EB /* Debug */ = {
			isa = XCBuildConfiguration;
			buildSettings = {
				ALWAYS_SEARCH_USER_PATHS = NO;
				CLANG_ANALYZER_NONNULL = YES;
				CLANG_ANALYZER_NUMBER_OBJECT_CONVERSION = YES_AGGRESSIVE;
				CLANG_CXX_LANGUAGE_STANDARD = "gnu++14";
				CLANG_CXX_LIBRARY = "libc++";
				CLANG_ENABLE_MODULES = YES;
				CLANG_ENABLE_OBJC_ARC = YES;
				CLANG_ENABLE_OBJC_WEAK = YES;
				CLANG_WARN_BLOCK_CAPTURE_AUTORELEASING = YES;
				CLANG_WARN_BOOL_CONVERSION = YES;
				CLANG_WARN_COMMA = YES;
				CLANG_WARN_CONSTANT_CONVERSION = YES;
				CLANG_WARN_DEPRECATED_OBJC_IMPLEMENTATIONS = YES;
				CLANG_WARN_DIRECT_OBJC_ISA_USAGE = YES_ERROR;
				CLANG_WARN_DOCUMENTATION_COMMENTS = YES;
				CLANG_WARN_EMPTY_BODY = YES;
				CLANG_WARN_ENUM_CONVERSION = YES;
				CLANG_WARN_INFINITE_RECURSION = YES;
				CLANG_WARN_INT_CONVERSION = YES;
				CLANG_WARN_NON_LITERAL_NULL_CONVERSION = YES;
				CLANG_WARN_OBJC_IMPLICIT_RETAIN_SELF = YES;
				CLANG_WARN_OBJC_LITERAL_CONVERSION = YES;
				CLANG_WARN_OBJC_ROOT_CLASS = YES_ERROR;
				CLANG_WARN_QUOTED_INCLUDE_IN_FRAMEWORK_HEADER = YES;
				CLANG_WARN_RANGE_LOOP_ANALYSIS = YES;
				CLANG_WARN_STRICT_PROTOTYPES = YES;
				CLANG_WARN_SUSPICIOUS_MOVE = YES;
				CLANG_WARN_UNGUARDED_AVAILABILITY = YES_AGGRESSIVE;
				CLANG_WARN_UNREACHABLE_CODE = YES;
				CLANG_WARN__DUPLICATE_METHOD_MATCH = YES;
				COPY_PHASE_STRIP = NO;
				DEBUG_INFORMATION_FORMAT = dwarf;
				ENABLE_STRICT_OBJC_MSGSEND = YES;
				ENABLE_TESTABILITY = YES;
				GCC_C_LANGUAGE_STANDARD = gnu11;
				GCC_DYNAMIC_NO_PIC = NO;
				GCC_NO_COMMON_BLOCKS = YES;
				GCC_OPTIMIZATION_LEVEL = 0;
				GCC_PREPROCESSOR_DEFINITIONS = (
					"DEBUG=1",
					"$(inherited)",
				);
				GCC_WARN_64_TO_32_BIT_CONVERSION = YES;
				GCC_WARN_ABOUT_RETURN_TYPE = YES_ERROR;
				GCC_WARN_UNDECLARED_SELECTOR = YES;
				GCC_WARN_UNINITIALIZED_AUTOS = YES_AGGRESSIVE;
				GCC_WARN_UNUSED_FUNCTION = YES;
				GCC_WARN_UNUSED_VARIABLE = YES;
				IPHONEOS_DEPLOYMENT_TARGET = 14.0;
				MTL_ENABLE_DEBUG_INFO = INCLUDE_SOURCE;
				MTL_FAST_MATH = YES;
				ONLY_ACTIVE_ARCH = YES;
				SDKROOT = iphoneos;
				SWIFT_ACTIVE_COMPILATION_CONDITIONS = DEBUG;
				SWIFT_OPTIMIZATION_LEVEL = "-Onone";
			};
			name = Debug;
		};
		AC9B951B24DDAF090035A5EB /* Release */ = {
			isa = XCBuildConfiguration;
			buildSettings = {
				ALWAYS_SEARCH_USER_PATHS = NO;
				CLANG_ANALYZER_NONNULL = YES;
				CLANG_ANALYZER_NUMBER_OBJECT_CONVERSION = YES_AGGRESSIVE;
				CLANG_CXX_LANGUAGE_STANDARD = "gnu++14";
				CLANG_CXX_LIBRARY = "libc++";
				CLANG_ENABLE_MODULES = YES;
				CLANG_ENABLE_OBJC_ARC = YES;
				CLANG_ENABLE_OBJC_WEAK = YES;
				CLANG_WARN_BLOCK_CAPTURE_AUTORELEASING = YES;
				CLANG_WARN_BOOL_CONVERSION = YES;
				CLANG_WARN_COMMA = YES;
				CLANG_WARN_CONSTANT_CONVERSION = YES;
				CLANG_WARN_DEPRECATED_OBJC_IMPLEMENTATIONS = YES;
				CLANG_WARN_DIRECT_OBJC_ISA_USAGE = YES_ERROR;
				CLANG_WARN_DOCUMENTATION_COMMENTS = YES;
				CLANG_WARN_EMPTY_BODY = YES;
				CLANG_WARN_ENUM_CONVERSION = YES;
				CLANG_WARN_INFINITE_RECURSION = YES;
				CLANG_WARN_INT_CONVERSION = YES;
				CLANG_WARN_NON_LITERAL_NULL_CONVERSION = YES;
				CLANG_WARN_OBJC_IMPLICIT_RETAIN_SELF = YES;
				CLANG_WARN_OBJC_LITERAL_CONVERSION = YES;
				CLANG_WARN_OBJC_ROOT_CLASS = YES_ERROR;
				CLANG_WARN_QUOTED_INCLUDE_IN_FRAMEWORK_HEADER = YES;
				CLANG_WARN_RANGE_LOOP_ANALYSIS = YES;
				CLANG_WARN_STRICT_PROTOTYPES = YES;
				CLANG_WARN_SUSPICIOUS_MOVE = YES;
				CLANG_WARN_UNGUARDED_AVAILABILITY = YES_AGGRESSIVE;
				CLANG_WARN_UNREACHABLE_CODE = YES;
				CLANG_WARN__DUPLICATE_METHOD_MATCH = YES;
				COPY_PHASE_STRIP = NO;
				DEBUG_INFORMATION_FORMAT = "dwarf-with-dsym";
				ENABLE_NS_ASSERTIONS = NO;
				ENABLE_STRICT_OBJC_MSGSEND = YES;
				GCC_C_LANGUAGE_STANDARD = gnu11;
				GCC_NO_COMMON_BLOCKS = YES;
				GCC_WARN_64_TO_32_BIT_CONVERSION = YES;
				GCC_WARN_ABOUT_RETURN_TYPE = YES_ERROR;
				GCC_WARN_UNDECLARED_SELECTOR = YES;
				GCC_WARN_UNINITIALIZED_AUTOS = YES_AGGRESSIVE;
				GCC_WARN_UNUSED_FUNCTION = YES;
				GCC_WARN_UNUSED_VARIABLE = YES;
				IPHONEOS_DEPLOYMENT_TARGET = 14.0;
				MTL_ENABLE_DEBUG_INFO = NO;
				MTL_FAST_MATH = YES;
				SDKROOT = iphoneos;
				SWIFT_COMPILATION_MODE = wholemodule;
				SWIFT_OPTIMIZATION_LEVEL = "-O";
				VALIDATE_PRODUCT = YES;
			};
			name = Release;
		};
		AC9B951D24DDAF090035A5EB /* Debug */ = {
			isa = XCBuildConfiguration;
			buildSettings = {
				ASSETCATALOG_COMPILER_APPICON_NAME = AppIcon;
				ASSETCATALOG_COMPILER_GLOBAL_ACCENT_COLOR_NAME = AccentColor;
				CODE_SIGN_STYLE = Automatic;
				DEVELOPMENT_ASSET_PATHS = "\"UserDefaults1/Preview Content\"";
				DEVELOPMENT_TEAM = KZ243P8N8R;
				ENABLE_PREVIEWS = YES;
				INFOPLIST_FILE = UserDefaults1/Info.plist;
				LD_RUNPATH_SEARCH_PATHS = (
					"$(inherited)",
					"@executable_path/Frameworks",
				);
				PRODUCT_BUNDLE_IDENTIFIER = com.kellydouglass.com.UserDefaults1;
				PRODUCT_NAME = "$(TARGET_NAME)";
				SWIFT_VERSION = 5.0;
				TARGETED_DEVICE_FAMILY = "1,2";
			};
			name = Debug;
		};
		AC9B951E24DDAF090035A5EB /* Release */ = {
			isa = XCBuildConfiguration;
			buildSettings = {
				ASSETCATALOG_COMPILER_APPICON_NAME = AppIcon;
				ASSETCATALOG_COMPILER_GLOBAL_ACCENT_COLOR_NAME = AccentColor;
				CODE_SIGN_STYLE = Automatic;
				DEVELOPMENT_ASSET_PATHS = "\"UserDefaults1/Preview Content\"";
				DEVELOPMENT_TEAM = KZ243P8N8R;
				ENABLE_PREVIEWS = YES;
				INFOPLIST_FILE = UserDefaults1/Info.plist;
				LD_RUNPATH_SEARCH_PATHS = (
					"$(inherited)",
					"@executable_path/Frameworks",
				);
				PRODUCT_BUNDLE_IDENTIFIER = com.kellydouglass.com.UserDefaults1;
				PRODUCT_NAME = "$(TARGET_NAME)";
				SWIFT_VERSION = 5.0;
				TARGETED_DEVICE_FAMILY = "1,2";
			};
			name = Release;
		};
/* End XCBuildConfiguration section */

/* Begin XCConfigurationList section */
		AC9B950324DDAF080035A5EB /* Build configuration list for PBXProject "UserDefaults1" */ = {
			isa = XCConfigurationList;
			buildConfigurations = (
				AC9B951A24DDAF090035A5EB /* Debug */,
				AC9B951B24DDAF090035A5EB /* Release */,
			);
			defaultConfigurationIsVisible = 0;
			defaultConfigurationName = Release;
		};
		AC9B951C24DDAF090035A5EB /* Build configuration list for PBXNativeTarget "UserDefaults1" */ = {
			isa = XCConfigurationList;
			buildConfigurations = (
				AC9B951D24DDAF090035A5EB /* Debug */,
				AC9B951E24DDAF090035A5EB /* Release */,
			);
			defaultConfigurationIsVisible = 0;
			defaultConfigurationName = Release;
		};
/* End XCConfigurationList section */
	};
	rootObject = AC9B950024DDAF080035A5EB /* Project object */;
}
